
Microsoft Visual Studio Solution File, Format Version 12.00
# Visual Studio Version 16
VisualStudioVersion = 16.0.33027.164
MinimumVisualStudioVersion = 10.0.40219.1
Project("{FAE04EC0-301F-11D3-BF4B-00C04F79EFBC}") = "PBI.CaseStudy", "PBI.CaseStudy\PBI.CaseStudy.csproj", "{234F3311-25A6-41FF-950E-570C919C2AFA}"
EndProject
Global
	GlobalSection(SolutionConfigurationPlatforms) = preSolution
		Debug|Any CPU = Debug|Any CPU
		Release|Any CPU = Release|Any CPU
	EndGlobalSection
	GlobalSection(ProjectConfigurationPlatforms) = postSolution
		{234F3311-25A6-41FF-950E-570C919C2AFA}.Debug|Any CPU.ActiveCfg = Debug|Any CPU
		{234F3311-25A6-41FF-950E-570C919C2AFA}.Debug|Any CPU.Build.0 = Debug|Any CPU
		{234F3311-25A6-41FF-950E-570C919C2AFA}.Release|Any CPU.ActiveCfg = Release|Any CPU
		{234F3311-25A6-41FF-950E-570C919C2AFA}.Release|Any CPU.Build.0 = Release|Any CPU
	EndGlobalSection
	GlobalSection(SolutionProperties) = preSolution
		HideSolutionNode = FALSE
	EndGlobalSection
	GlobalSection(ExtensibilityGlobals) = postSolution
		SolutionGuid = {BC9AA5D3-3C15-44EC-A347-C1DBD692BA22}
	EndGlobalSection
EndGlobal
